
Microsoft Visual Studio Solution File, Format Version 12.00
# Visual Studio Version 17
VisualStudioVersion = 17.5.33530.505
MinimumVisualStudioVersion = 10.0.40219.1
Project("{FAE04EC0-301F-11D3-BF4B-00C04F79EFBC}") = "WebFinal", "WebFinal\WebFinal.csproj", "{1F720386-CF16-4601-8515-EA5910F4C362}"
EndProject
Global
	GlobalSection(SolutionConfigurationPlatforms) = preSolution
		Debug|Any CPU = Debug|Any CPU
		Release|Any CPU = Release|Any CPU
	EndGlobalSection
	GlobalSection(ProjectConfigurationPlatforms) = postSolution
		{1F720386-CF16-4601-8515-EA5910F4C362}.Debug|Any CPU.ActiveCfg = Debug|Any CPU
		{1F720386-CF16-4601-8515-EA5910F4C362}.Debug|Any CPU.Build.0 = Debug|Any CPU
		{1F720386-CF16-4601-8515-EA5910F4C362}.Release|Any CPU.ActiveCfg = Release|Any CPU
		{1F720386-CF16-4601-8515-EA5910F4C362}.Release|Any CPU.Build.0 = Release|Any CPU
	EndGlobalSection
	GlobalSection(SolutionProperties) = preSolution
		HideSolutionNode = FALSE
	EndGlobalSection
	GlobalSection(ExtensibilityGlobals) = postSolution
		SolutionGuid = {40EFFB45-C226-4623-B1B0-8BD59B8B473F}
	EndGlobalSection
EndGlobal
